
Microsoft Visual Studio Solution File, Format Version 12.00
# Visual Studio 14
VisualStudioVersion = 14.0.25420.1
MinimumVisualStudioVersion = 10.0.40219.1
Project("{2150E333-8FDC-42A3-9474-1A3956D46DE8}") = "_Configurations", "_Configurations", "{2AFFAD18-B3C7-4087-8EF0-4B59F4566D86}"
	ProjectSection(SolutionItems) = preProject
		README.md = README.md
	EndProjectSection
EndProject
Project("{2150E333-8FDC-42A3-9474-1A3956D46DE8}") = "Foundation", "Foundation", "{70ADDE0C-3998-47CE-97E9-551F3457A224}"
EndProject
Project("{2150E333-8FDC-42A3-9474-1A3956D46DE8}") = "Sites", "Sites", "{884A6996-F9D1-4548-BD49-DB1E45C91D57}"
EndProject
Project("{2150E333-8FDC-42A3-9474-1A3956D46DE8}") = "Global Site", "Global Site", "{43894282-48C4-4E8B-A2C3-08098EA0D20D}"
EndProject
Project("{2150E333-8FDC-42A3-9474-1A3956D46DE8}") = "SiteA", "SiteA", "{E63E9254-41A4-4CD7-93D3-E1F7555B90A3}"
EndProject
Project("{2150E333-8FDC-42A3-9474-1A3956D46DE8}") = "SiteB", "SiteB", "{46C4BDAC-F7A1-433F-BD33-E2A04FFB05F0}"
EndProject
Project("{CAA73BB0-EF22-4D79-A57E-DF67B3BA9C80}") = "TDS.SiteA.Master", "src\Sites\SiteA\TDS.SiteA.Master\TDS.SiteA.Master.scproj", "{54800303-D901-490A-8C67-088270A0470A}"
EndProject
Project("{CAA73BB0-EF22-4D79-A57E-DF67B3BA9C80}") = "TDS.SiteA.Content", "src\Sites\SiteA\TDS.SiteA.Content\TDS.SiteA.Content.scproj", "{D9F58C00-C6D8-4093-A301-CD0E647B0FAE}"
EndProject
Project("{CAA73BB0-EF22-4D79-A57E-DF67B3BA9C80}") = "TDS.SiteB.Master", "src\Sites\SiteB\TDS.SiteB.Master\TDS.SiteB.Master.scproj", "{F32C6B67-E54E-4FDC-9AFF-0B476051B013}"
EndProject
Project("{FAE04EC0-301F-11D3-BF4B-00C04F79EFBC}") = "Sample.SiteA.Site", "src\Sites\SiteA\Sample.SiteA.Site\Sample.SiteA.Site.csproj", "{C1DE3CA4-AAD9-4B2F-A95F-6AF55D413281}"
EndProject
Project("{FAE04EC0-301F-11D3-BF4B-00C04F79EFBC}") = "Sample.SiteB.Site", "src\Sites\SiteB\Sample.SiteB.Site\Sample.SiteB.Site.csproj", "{5FA63CFF-DE5F-4814-B6FC-B37C31552DE8}"
EndProject
Project("{FAE04EC0-301F-11D3-BF4B-00C04F79EFBC}") = "Sample.SiteB.Model", "src\Sites\SiteB\Sample.SiteB.Model\Sample.SiteB.Model.csproj", "{F39B061C-A935-496A-B1D1-7BAF82238431}"
EndProject
Project("{FAE04EC0-301F-11D3-BF4B-00C04F79EFBC}") = "Sample.SiteA.Model", "src\Sites\SiteA\Sample.SiteA.Model\Sample.SiteA.Model.csproj", "{89E61341-A7DC-4F93-BFEA-9D45DBC78F42}"
EndProject
Project("{FAE04EC0-301F-11D3-BF4B-00C04F79EFBC}") = "Sample.Foundation.SitecoreExtensions", "src\Foundation\Extensions\Sample.Foundation.SitecoreExtensions\Sample.Foundation.SitecoreExtensions.csproj", "{A1EA07A5-00A8-4E58-B24F-9832215B5351}"
EndProject
Project("{2150E333-8FDC-42A3-9474-1A3956D46DE8}") = "SitecoreExtensions", "SitecoreExtensions", "{A429E4B9-23EA-49A8-9DE8-BA947559F97F}"
EndProject
Project("{2150E333-8FDC-42A3-9474-1A3956D46DE8}") = "Indexing", "Indexing", "{471A2C21-7D6A-43A2-AFE8-6EBF9A9BFC39}"
EndProject
Project("{FAE04EC0-301F-11D3-BF4B-00C04F79EFBC}") = "Sample.Foundation.Indexing", "src\Foundation\Indexing\Sample.Foundation.Indexing\Sample.Foundation.Indexing.csproj", "{BB010F4D-449C-4753-BE39-6C2963B51288}"
EndProject
Project("{FAE04EC0-301F-11D3-BF4B-00C04F79EFBC}") = "Sample.Foundation.GlobalSite.Site", "src\Foundation\GlobalSite\Sample.Foundation.GlobalSite.Site\Sample.Foundation.GlobalSite.Site.csproj", "{F6C4AAA7-3DD6-4B9F-87D2-DC3037422FB3}"
EndProject
Project("{FAE04EC0-301F-11D3-BF4B-00C04F79EFBC}") = "Sample.Foundation.GlobalSite.Model", "src\Foundation\GlobalSite\Sample.Foundation.GlobalSite.Model\Sample.Foundation.GlobalSite.Model.csproj", "{F65FF6CB-808B-40D2-BDAA-74BC5D049237}"
EndProject
Project("{CAA73BB0-EF22-4D79-A57E-DF67B3BA9C80}") = "TDS.GlobalSite.Master", "src\Foundation\GlobalSite\TDS.GlobalSite.Master\TDS.GlobalSite.Master.scproj", "{D218769F-D98F-4F13-84F6-270FD74FE4E4}"
EndProject
Global
	GlobalSection(SolutionConfigurationPlatforms) = preSolution
		Debug|Any CPU = Debug|Any CPU
		Release|Any CPU = Release|Any CPU
	EndGlobalSection
	GlobalSection(ProjectConfigurationPlatforms) = postSolution
		{54800303-D901-490A-8C67-088270A0470A}.Debug|Any CPU.ActiveCfg = Debug|Any CPU
		{54800303-D901-490A-8C67-088270A0470A}.Debug|Any CPU.Build.0 = Debug|Any CPU
		{54800303-D901-490A-8C67-088270A0470A}.Debug|Any CPU.Deploy.0 = Debug|Any CPU
		{54800303-D901-490A-8C67-088270A0470A}.Release|Any CPU.ActiveCfg = Release|Any CPU
		{54800303-D901-490A-8C67-088270A0470A}.Release|Any CPU.Build.0 = Release|Any CPU
		{54800303-D901-490A-8C67-088270A0470A}.Release|Any CPU.Deploy.0 = Release|Any CPU
		{D9F58C00-C6D8-4093-A301-CD0E647B0FAE}.Debug|Any CPU.ActiveCfg = Debug|Any CPU
		{D9F58C00-C6D8-4093-A301-CD0E647B0FAE}.Debug|Any CPU.Build.0 = Debug|Any CPU
		{D9F58C00-C6D8-4093-A301-CD0E647B0FAE}.Debug|Any CPU.Deploy.0 = Debug|Any CPU
		{D9F58C00-C6D8-4093-A301-CD0E647B0FAE}.Release|Any CPU.ActiveCfg = Release|Any CPU
		{D9F58C00-C6D8-4093-A301-CD0E647B0FAE}.Release|Any CPU.Build.0 = Release|Any CPU
		{D9F58C00-C6D8-4093-A301-CD0E647B0FAE}.Release|Any CPU.Deploy.0 = Release|Any CPU
		{F32C6B67-E54E-4FDC-9AFF-0B476051B013}.Debug|Any CPU.ActiveCfg = Debug|Any CPU
		{F32C6B67-E54E-4FDC-9AFF-0B476051B013}.Debug|Any CPU.Build.0 = Debug|Any CPU
		{F32C6B67-E54E-4FDC-9AFF-0B476051B013}.Debug|Any CPU.Deploy.0 = Debug|Any CPU
		{F32C6B67-E54E-4FDC-9AFF-0B476051B013}.Release|Any CPU.ActiveCfg = Release|Any CPU
		{F32C6B67-E54E-4FDC-9AFF-0B476051B013}.Release|Any CPU.Build.0 = Release|Any CPU
		{F32C6B67-E54E-4FDC-9AFF-0B476051B013}.Release|Any CPU.Deploy.0 = Release|Any CPU
		{C1DE3CA4-AAD9-4B2F-A95F-6AF55D413281}.Debug|Any CPU.ActiveCfg = Debug|Any CPU
		{C1DE3CA4-AAD9-4B2F-A95F-6AF55D413281}.Debug|Any CPU.Build.0 = Debug|Any CPU
		{C1DE3CA4-AAD9-4B2F-A95F-6AF55D413281}.Release|Any CPU.ActiveCfg = Release|Any CPU
		{C1DE3CA4-AAD9-4B2F-A95F-6AF55D413281}.Release|Any CPU.Build.0 = Release|Any CPU
		{5FA63CFF-DE5F-4814-B6FC-B37C31552DE8}.Debug|Any CPU.ActiveCfg = Debug|Any CPU
		{5FA63CFF-DE5F-4814-B6FC-B37C31552DE8}.Debug|Any CPU.Build.0 = Debug|Any CPU
		{5FA63CFF-DE5F-4814-B6FC-B37C31552DE8}.Release|Any CPU.ActiveCfg = Release|Any CPU
		{5FA63CFF-DE5F-4814-B6FC-B37C31552DE8}.Release|Any CPU.Build.0 = Release|Any CPU
		{F39B061C-A935-496A-B1D1-7BAF82238431}.Debug|Any CPU.ActiveCfg = Debug|Any CPU
		{F39B061C-A935-496A-B1D1-7BAF82238431}.Debug|Any CPU.Build.0 = Debug|Any CPU
		{F39B061C-A935-496A-B1D1-7BAF82238431}.Release|Any CPU.ActiveCfg = Release|Any CPU
		{F39B061C-A935-496A-B1D1-7BAF82238431}.Release|Any CPU.Build.0 = Release|Any CPU
		{89E61341-A7DC-4F93-BFEA-9D45DBC78F42}.Debug|Any CPU.ActiveCfg = Debug|Any CPU
		{89E61341-A7DC-4F93-BFEA-9D45DBC78F42}.Debug|Any CPU.Build.0 = Debug|Any CPU
		{89E61341-A7DC-4F93-BFEA-9D45DBC78F42}.Release|Any CPU.ActiveCfg = Release|Any CPU
		{89E61341-A7DC-4F93-BFEA-9D45DBC78F42}.Release|Any CPU.Build.0 = Release|Any CPU
		{A1EA07A5-00A8-4E58-B24F-9832215B5351}.Debug|Any CPU.ActiveCfg = Debug|Any CPU
		{A1EA07A5-00A8-4E58-B24F-9832215B5351}.Debug|Any CPU.Build.0 = Debug|Any CPU
		{A1EA07A5-00A8-4E58-B24F-9832215B5351}.Release|Any CPU.ActiveCfg = Release|Any CPU
		{A1EA07A5-00A8-4E58-B24F-9832215B5351}.Release|Any CPU.Build.0 = Release|Any CPU
		{BB010F4D-449C-4753-BE39-6C2963B51288}.Debug|Any CPU.ActiveCfg = Debug|Any CPU
		{BB010F4D-449C-4753-BE39-6C2963B51288}.Debug|Any CPU.Build.0 = Debug|Any CPU
		{BB010F4D-449C-4753-BE39-6C2963B51288}.Release|Any CPU.ActiveCfg = Release|Any CPU
		{BB010F4D-449C-4753-BE39-6C2963B51288}.Release|Any CPU.Build.0 = Release|Any CPU
		{F6C4AAA7-3DD6-4B9F-87D2-DC3037422FB3}.Debug|Any CPU.ActiveCfg = Debug|Any CPU
		{F6C4AAA7-3DD6-4B9F-87D2-DC3037422FB3}.Debug|Any CPU.Build.0 = Debug|Any CPU
		{F6C4AAA7-3DD6-4B9F-87D2-DC3037422FB3}.Release|Any CPU.ActiveCfg = Release|Any CPU
		{F6C4AAA7-3DD6-4B9F-87D2-DC3037422FB3}.Release|Any CPU.Build.0 = Release|Any CPU
		{F65FF6CB-808B-40D2-BDAA-74BC5D049237}.Debug|Any CPU.ActiveCfg = Debug|Any CPU
		{F65FF6CB-808B-40D2-BDAA-74BC5D049237}.Debug|Any CPU.Build.0 = Debug|Any CPU
		{F65FF6CB-808B-40D2-BDAA-74BC5D049237}.Release|Any CPU.ActiveCfg = Release|Any CPU
		{F65FF6CB-808B-40D2-BDAA-74BC5D049237}.Release|Any CPU.Build.0 = Release|Any CPU
		{D218769F-D98F-4F13-84F6-270FD74FE4E4}.Debug|Any CPU.ActiveCfg = Debug|Any CPU
		{D218769F-D98F-4F13-84F6-270FD74FE4E4}.Debug|Any CPU.Build.0 = Debug|Any CPU
		{D218769F-D98F-4F13-84F6-270FD74FE4E4}.Debug|Any CPU.Deploy.0 = Debug|Any CPU
		{D218769F-D98F-4F13-84F6-270FD74FE4E4}.Release|Any CPU.ActiveCfg = Release|Any CPU
		{D218769F-D98F-4F13-84F6-270FD74FE4E4}.Release|Any CPU.Build.0 = Release|Any CPU
		{D218769F-D98F-4F13-84F6-270FD74FE4E4}.Release|Any CPU.Deploy.0 = Release|Any CPU
	EndGlobalSection
	GlobalSection(SolutionProperties) = preSolution
		HideSolutionNode = FALSE
	EndGlobalSection
	GlobalSection(NestedProjects) = preSolution
		{43894282-48C4-4E8B-A2C3-08098EA0D20D} = {70ADDE0C-3998-47CE-97E9-551F3457A224}
		{E63E9254-41A4-4CD7-93D3-E1F7555B90A3} = {884A6996-F9D1-4548-BD49-DB1E45C91D57}
		{46C4BDAC-F7A1-433F-BD33-E2A04FFB05F0} = {884A6996-F9D1-4548-BD49-DB1E45C91D57}
		{54800303-D901-490A-8C67-088270A0470A} = {E63E9254-41A4-4CD7-93D3-E1F7555B90A3}
		{D9F58C00-C6D8-4093-A301-CD0E647B0FAE} = {E63E9254-41A4-4CD7-93D3-E1F7555B90A3}
		{F32C6B67-E54E-4FDC-9AFF-0B476051B013} = {46C4BDAC-F7A1-433F-BD33-E2A04FFB05F0}
		{C1DE3CA4-AAD9-4B2F-A95F-6AF55D413281} = {E63E9254-41A4-4CD7-93D3-E1F7555B90A3}
		{5FA63CFF-DE5F-4814-B6FC-B37C31552DE8} = {46C4BDAC-F7A1-433F-BD33-E2A04FFB05F0}
		{F39B061C-A935-496A-B1D1-7BAF82238431} = {46C4BDAC-F7A1-433F-BD33-E2A04FFB05F0}
		{89E61341-A7DC-4F93-BFEA-9D45DBC78F42} = {E63E9254-41A4-4CD7-93D3-E1F7555B90A3}
		{A1EA07A5-00A8-4E58-B24F-9832215B5351} = {A429E4B9-23EA-49A8-9DE8-BA947559F97F}
		{A429E4B9-23EA-49A8-9DE8-BA947559F97F} = {70ADDE0C-3998-47CE-97E9-551F3457A224}
		{471A2C21-7D6A-43A2-AFE8-6EBF9A9BFC39} = {70ADDE0C-3998-47CE-97E9-551F3457A224}
		{BB010F4D-449C-4753-BE39-6C2963B51288} = {471A2C21-7D6A-43A2-AFE8-6EBF9A9BFC39}
		{F6C4AAA7-3DD6-4B9F-87D2-DC3037422FB3} = {43894282-48C4-4E8B-A2C3-08098EA0D20D}
		{F65FF6CB-808B-40D2-BDAA-74BC5D049237} = {43894282-48C4-4E8B-A2C3-08098EA0D20D}
		{D218769F-D98F-4F13-84F6-270FD74FE4E4} = {43894282-48C4-4E8B-A2C3-08098EA0D20D}
	EndGlobalSection
EndGlobal
